
Microsoft Visual Studio Solution File, Format Version 12.00
# Visual Studio 14
VisualStudioVersion = 14.0.25420.1
MinimumVisualStudioVersion = 10.0.40219.1
Project("{FAE04EC0-301F-11D3-BF4B-00C04F79EFBC}") = "ProjectB", "ProjectB\ProjectB.csproj", "{CBC5B410-1812-4067-A69C-AC74FD5C2873}"
EndProject
Global
	GlobalSection(SolutionConfigurationPlatforms) = preSolution
		Debug|Any CPU = Debug|Any CPU
		Release|Any CPU = Release|Any CPU
	EndGlobalSection
	GlobalSection(ProjectConfigurationPlatforms) = postSolution
		{CBC5B410-1812-4067-A69C-AC74FD5C2873}.Debug|Any CPU.ActiveCfg = Debug|Any CPU
		{CBC5B410-1812-4067-A69C-AC74FD5C2873}.Debug|Any CPU.Build.0 = Debug|Any CPU
		{CBC5B410-1812-4067-A69C-AC74FD5C2873}.Release|Any CPU.ActiveCfg = Release|Any CPU
		{CBC5B410-1812-4067-A69C-AC74FD5C2873}.Release|Any CPU.Build.0 = Release|Any CPU
	EndGlobalSection
	GlobalSection(SolutionProperties) = preSolution
		HideSolutionNode = FALSE
	EndGlobalSection
EndGlobal
